// !$*UTF8*$!
{
	archiveVersion = 1;
	classes = {
	};
	objectVersion = 50;
	objects = {

/* Begin PBXBuildFile section */
		A6126B0724183CB600EA6821 /* main.cpp in Sources */ = {isa = PBXBuildFile; fileRef = A6126B0624183CB600EA6821 /* main.cpp */; };
		A6126B1224183CFC00EA6821 /* part2.cpp in Sources */ = {isa = PBXBuildFile; fileRef = A6126B1024183CFC00EA6821 /* part2.cpp */; };
		A6126B1324183CFC00EA6821 /* part1.cpp in Sources */ = {isa = PBXBuildFile; fileRef = A6126B1124183CFC00EA6821 /* part1.cpp */; };
		A6126B1924183D1A00EA6821 /* PNG.cpp in Sources */ = {isa = PBXBuildFile; fileRef = A6126B1524183D1900EA6821 /* PNG.cpp */; };
		A6126B1A24183D1A00EA6821 /* HSLAPixel.cpp in Sources */ = {isa = PBXBuildFile; fileRef = A6126B1624183D1A00EA6821 /* HSLAPixel.cpp */; };
		A6126B2424183D5700EA6821 /* lodepng.cpp in Sources */ = {isa = PBXBuildFile; fileRef = A6126B2324183D5700EA6821 /* lodepng.cpp */; };
		A6126B2A24183D6700EA6821 /* ImageTransform.cpp in Sources */ = {isa = PBXBuildFile; fileRef = A6126B2624183D6600EA6821 /* ImageTransform.cpp */; };
		A6126B2B24183D6700EA6821 /* Makefile in Sources */ = {isa = PBXBuildFile; fileRef = A6126B2724183D6700EA6821 /* Makefile */; };
		A6126B2C24183F1B00EA6821 /* catchmain.cpp in Sources */ = {isa = PBXBuildFile; fileRef = A6126B1D24183D3100EA6821 /* catchmain.cpp */; };
/* End PBXBuildFile section */

/* Begin PBXCopyFilesBuildPhase section */
		A6126B0124183CB600EA6821 /* CopyFiles */ = {
			isa = PBXCopyFilesBuildPhase;
			buildActionMask = 2147483647;
			dstPath = /usr/share/man/man1/;
			dstSubfolderSpec = 0;
			files = (
			);
			runOnlyForDeploymentPostprocessing = 1;
		};
/* End PBXCopyFilesBuildPhase section */

/* Begin PBXFileReference section */
		A6126B0324183CB600EA6821 /* week-4-assignment */ = {isa = PBXFileReference; explicitFileType = "compiled.mach-o.executable"; includeInIndex = 0; path = "week-4-assignment"; sourceTree = BUILT_PRODUCTS_DIR; };
		A6126B0624183CB600EA6821 /* main.cpp */ = {isa = PBXFileReference; lastKnownFileType = sourcecode.cpp.cpp; path = main.cpp; sourceTree = "<group>"; };
		A6126B1024183CFC00EA6821 /* part2.cpp */ = {isa = PBXFileReference; fileEncoding = 4; lastKnownFileType = sourcecode.cpp.cpp; name = part2.cpp; path = tests/part2.cpp; sourceTree = "<group>"; };
		A6126B1124183CFC00EA6821 /* part1.cpp */ = {isa = PBXFileReference; fileEncoding = 4; lastKnownFileType = sourcecode.cpp.cpp; name = part1.cpp; path = tests/part1.cpp; sourceTree = "<group>"; };
		A6126B1424183D1900EA6821 /* PNG.h */ = {isa = PBXFileReference; fileEncoding = 4; lastKnownFileType = sourcecode.c.h; name = PNG.h; path = uiuc/PNG.h; sourceTree = "<group>"; };
		A6126B1524183D1900EA6821 /* PNG.cpp */ = {isa = PBXFileReference; fileEncoding = 4; lastKnownFileType = sourcecode.cpp.cpp; name = PNG.cpp; path = uiuc/PNG.cpp; sourceTree = "<group>"; };
		A6126B1624183D1A00EA6821 /* HSLAPixel.cpp */ = {isa = PBXFileReference; fileEncoding = 4; lastKnownFileType = sourcecode.cpp.cpp; name = HSLAPixel.cpp; path = uiuc/HSLAPixel.cpp; sourceTree = "<group>"; };
		A6126B1724183D1A00EA6821 /* HSLAPixel.h */ = {isa = PBXFileReference; fileEncoding = 4; lastKnownFileType = sourcecode.c.h; name = HSLAPixel.h; path = uiuc/HSLAPixel.h; sourceTree = "<group>"; };
		A6126B1824183D1A00EA6821 /* RGB_HSL.h */ = {isa = PBXFileReference; fileEncoding = 4; lastKnownFileType = sourcecode.c.h; name = RGB_HSL.h; path = uiuc/RGB_HSL.h; sourceTree = "<group>"; };
		A6126B1C24183D3100EA6821 /* catch.hpp */ = {isa = PBXFileReference; fileEncoding = 4; lastKnownFileType = sourcecode.cpp.h; name = catch.hpp; path = uiuc/catch/catch.hpp; sourceTree = "<group>"; };
		A6126B1D24183D3100EA6821 /* catchmain.cpp */ = {isa = PBXFileReference; fileEncoding = 4; lastKnownFileType = sourcecode.cpp.cpp; name = catchmain.cpp; path = uiuc/catch/catchmain.cpp; sourceTree = "<group>"; };
		A6126B2024183D4300EA6821 /* uiuc.mk */ = {isa = PBXFileReference; fileEncoding = 4; lastKnownFileType = text; name = uiuc.mk; path = uiuc/make/uiuc.mk; sourceTree = "<group>"; };
		A6126B2224183D5700EA6821 /* lodepng.h */ = {isa = PBXFileReference; fileEncoding = 4; lastKnownFileType = sourcecode.c.h; name = lodepng.h; path = uiuc/lodepng/lodepng.h; sourceTree = "<group>"; };
		A6126B2324183D5700EA6821 /* lodepng.cpp */ = {isa = PBXFileReference; fileEncoding = 4; lastKnownFileType = sourcecode.cpp.cpp; name = lodepng.cpp; path = uiuc/lodepng/lodepng.cpp; sourceTree = "<group>"; };
		A6126B2524183D6600EA6821 /* overlay.png */ = {isa = PBXFileReference; lastKnownFileType = image.png; path = overlay.png; sourceTree = "<group>"; };
		A6126B2624183D6600EA6821 /* ImageTransform.cpp */ = {isa = PBXFileReference; fileEncoding = 4; lastKnownFileType = sourcecode.cpp.cpp; path = ImageTransform.cpp; sourceTree = "<group>"; };
		A6126B2724183D6700EA6821 /* Makefile */ = {isa = PBXFileReference; fileEncoding = 4; lastKnownFileType = sourcecode.make; path = Makefile; sourceTree = "<group>"; };
		A6126B2824183D6700EA6821 /* alma.png */ = {isa = PBXFileReference; lastKnownFileType = image.png; path = alma.png; sourceTree = "<group>"; };
		A6126B2924183D6700EA6821 /* ImageTransform.h */ = {isa = PBXFileReference; fileEncoding = 4; lastKnownFileType = sourcecode.c.h; path = ImageTransform.h; sourceTree = "<group>"; };
/* End PBXFileReference section */

/* Begin PBXFrameworksBuildPhase section */
		A6126B0024183CB600EA6821 /* Frameworks */ = {
			isa = PBXFrameworksBuildPhase;
			buildActionMask = 2147483647;
			files = (
			);
			runOnlyForDeploymentPostprocessing = 0;
		};
/* End PBXFrameworksBuildPhase section */

/* Begin PBXGroup section */
		A6126AFA24183CB600EA6821 = {
			isa = PBXGroup;
			children = (
				A6126B0524183CB600EA6821 /* week-4-assignment */,
				A6126B0424183CB600EA6821 /* Products */,
			);
			sourceTree = "<group>";
		};
		A6126B0424183CB600EA6821 /* Products */ = {
			isa = PBXGroup;
			children = (
				A6126B0324183CB600EA6821 /* week-4-assignment */,
			);
			name = Products;
			sourceTree = "<group>";
		};
		A6126B0524183CB600EA6821 /* week-4-assignment */ = {
			isa = PBXGroup;
			children = (
				A6126B0624183CB600EA6821 /* main.cpp */,
				A6126B2824183D6700EA6821 /* alma.png */,
				A6126B2624183D6600EA6821 /* ImageTransform.cpp */,
				A6126B2924183D6700EA6821 /* ImageTransform.h */,
				A6126B2724183D6700EA6821 /* Makefile */,
				A6126B2524183D6600EA6821 /* overlay.png */,
				A6126B0F24183CF000EA6821 /* tests */,
				A6126B0D24183CD500EA6821 /* uiuc */,
			);
			path = "week-4-assignment";
			sourceTree = "<group>";
		};
		A6126B0D24183CD500EA6821 /* uiuc */ = {
			isa = PBXGroup;
			children = (
				A6126B2124183D4800EA6821 /* lodepng */,
				A6126B1F24183D3600EA6821 /* make */,
				A6126B1B24183D1F00EA6821 /* catch */,
				A6126B1624183D1A00EA6821 /* HSLAPixel.cpp */,
				A6126B1724183D1A00EA6821 /* HSLAPixel.h */,
				A6126B1524183D1900EA6821 /* PNG.cpp */,
				A6126B1424183D1900EA6821 /* PNG.h */,
				A6126B1824183D1A00EA6821 /* RGB_HSL.h */,
			);
			name = uiuc;
			sourceTree = "<group>";
		};
		A6126B0F24183CF000EA6821 /* tests */ = {
			isa = PBXGroup;
			children = (
				A6126B1124183CFC00EA6821 /* part1.cpp */,
				A6126B1024183CFC00EA6821 /* part2.cpp */,
			);
			name = tests;
			sourceTree = "<group>";
		};
		A6126B1B24183D1F00EA6821 /* catch */ = {
			isa = PBXGroup;
			children = (
				A6126B1C24183D3100EA6821 /* catch.hpp */,
				A6126B1D24183D3100EA6821 /* catchmain.cpp */,
			);
			name = catch;
			sourceTree = "<group>";
		};
		A6126B1F24183D3600EA6821 /* make */ = {
			isa = PBXGroup;
			children = (
				A6126B2024183D4300EA6821 /* uiuc.mk */,
			);
			name = make;
			sourceTree = "<group>";
		};
		A6126B2124183D4800EA6821 /* lodepng */ = {
			isa = PBXGroup;
			children = (
				A6126B2324183D5700EA6821 /* lodepng.cpp */,
				A6126B2224183D5700EA6821 /* lodepng.h */,
			);
			name = lodepng;
			sourceTree = "<group>";
		};
/* End PBXGroup section */

/* Begin PBXNativeTarget section */
		A6126B0224183CB600EA6821 /* week-4-assignment */ = {
			isa = PBXNativeTarget;
			buildConfigurationList = A6126B0A24183CB600EA6821 /* Build configuration list for PBXNativeTarget "week-4-assignment" */;
			buildPhases = (
				A6126AFF24183CB600EA6821 /* Sources */,
				A6126B0024183CB600EA6821 /* Frameworks */,
				A6126B0124183CB600EA6821 /* CopyFiles */,
			);
			buildRules = (
			);
			dependencies = (
			);
			name = "week-4-assignment";
			productName = "week-4-assignment";
			productReference = A6126B0324183CB600EA6821 /* week-4-assignment */;
			productType = "com.apple.product-type.tool";
		};
/* End PBXNativeTarget section */

/* Begin PBXProject section */
		A6126AFB24183CB600EA6821 /* Project object */ = {
			isa = PBXProject;
			attributes = {
				LastUpgradeCheck = 1130;
				ORGANIZATIONNAME = "Gabriel Barsi Haberfeld";
				TargetAttributes = {
					A6126B0224183CB600EA6821 = {
						CreatedOnToolsVersion = 11.3.1;
					};
				};
			};
			buildConfigurationList = A6126AFE24183CB600EA6821 /* Build configuration list for PBXProject "week-4-assignment" */;
			compatibilityVersion = "Xcode 9.3";
			developmentRegion = en;
			hasScannedForEncodings = 0;
			knownRegions = (
				en,
				Base,
			);
			mainGroup = A6126AFA24183CB600EA6821;
			productRefGroup = A6126B0424183CB600EA6821 /* Products */;
			projectDirPath = "";
			projectRoot = "";
			targets = (
				A6126B0224183CB600EA6821 /* week-4-assignment */,
			);
		};
/* End PBXProject section */

/* Begin PBXSourcesBuildPhase section */
		A6126AFF24183CB600EA6821 /* Sources */ = {
			isa = PBXSourcesBuildPhase;
			buildActionMask = 2147483647;
			files = (
				A6126B2B24183D6700EA6821 /* Makefile in Sources */,
				A6126B2C24183F1B00EA6821 /* catchmain.cpp in Sources */,
				A6126B0724183CB600EA6821 /* main.cpp in Sources */,
				A6126B1924183D1A00EA6821 /* PNG.cpp in Sources */,
				A6126B2A24183D6700EA6821 /* ImageTransform.cpp in Sources */,
				A6126B1224183CFC00EA6821 /* part2.cpp in Sources */,
				A6126B1A24183D1A00EA6821 /* HSLAPixel.cpp in Sources */,
				A6126B1324183CFC00EA6821 /* part1.cpp in Sources */,
				A6126B2424183D5700EA6821 /* lodepng.cpp in Sources */,
			);
			runOnlyForDeploymentPostprocessing = 0;
		};
/* End PBXSourcesBuildPhase section */

/* Begin XCBuildConfiguration section */
		A6126B0824183CB600EA6821 /* Debug */ = {
			isa = XCBuildConfiguration;
			buildSettings = {
				ALWAYS_SEARCH_USER_PATHS = NO;
				CLANG_ANALYZER_NONNULL = YES;
				CLANG_ANALYZER_NUMBER_OBJECT_CONVERSION = YES_AGGRESSIVE;
				CLANG_CXX_LANGUAGE_STANDARD = "gnu++14";
				CLANG_CXX_LIBRARY = "libc++";
				CLANG_ENABLE_MODULES = YES;
				CLANG_ENABLE_OBJC_ARC = YES;
				CLANG_ENABLE_OBJC_WEAK = YES;
				CLANG_WARN_BLOCK_CAPTURE_AUTORELEASING = YES;
				CLANG_WARN_BOOL_CONVERSION = YES;
				CLANG_WARN_COMMA = YES;
				CLANG_WARN_CONSTANT_CONVERSION = YES;
				CLANG_WARN_DEPRECATED_OBJC_IMPLEMENTATIONS = YES;
				CLANG_WARN_DIRECT_OBJC_ISA_USAGE = YES_ERROR;
				CLANG_WARN_DOCUMENTATION_COMMENTS = YES;
				CLANG_WARN_EMPTY_BODY = YES;
				CLANG_WARN_ENUM_CONVERSION = YES;
				CLANG_WARN_INFINITE_RECURSION = YES;
				CLANG_WARN_INT_CONVERSION = YES;
				CLANG_WARN_NON_LITERAL_NULL_CONVERSION = YES;
				CLANG_WARN_OBJC_IMPLICIT_RETAIN_SELF = YES;
				CLANG_WARN_OBJC_LITERAL_CONVERSION = YES;
				CLANG_WARN_OBJC_ROOT_CLASS = YES_ERROR;
				CLANG_WARN_RANGE_LOOP_ANALYSIS = YES;
				CLANG_WARN_STRICT_PROTOTYPES = YES;
				CLANG_WARN_SUSPICIOUS_MOVE = YES;
				CLANG_WARN_UNGUARDED_AVAILABILITY = YES_AGGRESSIVE;
				CLANG_WARN_UNREACHABLE_CODE = YES;
				CLANG_WARN__DUPLICATE_METHOD_MATCH = YES;
				COPY_PHASE_STRIP = NO;
				DEBUG_INFORMATION_FORMAT = dwarf;
				ENABLE_STRICT_OBJC_MSGSEND = YES;
				ENABLE_TESTABILITY = YES;
				GCC_C_LANGUAGE_STANDARD = gnu11;
				GCC_DYNAMIC_NO_PIC = NO;
				GCC_NO_COMMON_BLOCKS = YES;
				GCC_OPTIMIZATION_LEVEL = 0;
				GCC_PREPROCESSOR_DEFINITIONS = (
					"DEBUG=1",
					"$(inherited)",
				);
				GCC_WARN_64_TO_32_BIT_CONVERSION = YES;
				GCC_WARN_ABOUT_RETURN_TYPE = YES_ERROR;
				GCC_WARN_UNDECLARED_SELECTOR = YES;
				GCC_WARN_UNINITIALIZED_AUTOS = YES_AGGRESSIVE;
				GCC_WARN_UNUSED_FUNCTION = YES;
				GCC_WARN_UNUSED_VARIABLE = YES;
				MACOSX_DEPLOYMENT_TARGET = 10.15;
				MTL_ENABLE_DEBUG_INFO = INCLUDE_SOURCE;
				MTL_FAST_MATH = YES;
				ONLY_ACTIVE_ARCH = YES;
				SDKROOT = macosx;
			};
			name = Debug;
		};
		A6126B0924183CB600EA6821 /* Release */ = {
			isa = XCBuildConfiguration;
			buildSettings = {
				ALWAYS_SEARCH_USER_PATHS = NO;
				CLANG_ANALYZER_NONNULL = YES;
				CLANG_ANALYZER_NUMBER_OBJECT_CONVERSION = YES_AGGRESSIVE;
				CLANG_CXX_LANGUAGE_STANDARD = "gnu++14";
				CLANG_CXX_LIBRARY = "libc++";
				CLANG_ENABLE_MODULES = YES;
				CLANG_ENABLE_OBJC_ARC = YES;
				CLANG_ENABLE_OBJC_WEAK = YES;
				CLANG_WARN_BLOCK_CAPTURE_AUTORELEASING = YES;
				CLANG_WARN_BOOL_CONVERSION = YES;
				CLANG_WARN_COMMA = YES;
				CLANG_WARN_CONSTANT_CONVERSION = YES;
				CLANG_WARN_DEPRECATED_OBJC_IMPLEMENTATIONS = YES;
				CLANG_WARN_DIRECT_OBJC_ISA_USAGE = YES_ERROR;
				CLANG_WARN_DOCUMENTATION_COMMENTS = YES;
				CLANG_WARN_EMPTY_BODY = YES;
				CLANG_WARN_ENUM_CONVERSION = YES;
				CLANG_WARN_INFINITE_RECURSION = YES;
				CLANG_WARN_INT_CONVERSION = YES;
				CLANG_WARN_NON_LITERAL_NULL_CONVERSION = YES;
				CLANG_WARN_OBJC_IMPLICIT_RETAIN_SELF = YES;
				CLANG_WARN_OBJC_LITERAL_CONVERSION = YES;
				CLANG_WARN_OBJC_ROOT_CLASS = YES_ERROR;
				CLANG_WARN_RANGE_LOOP_ANALYSIS = YES;
				CLANG_WARN_STRICT_PROTOTYPES = YES;
				CLANG_WARN_SUSPICIOUS_MOVE = YES;
				CLANG_WARN_UNGUARDED_AVAILABILITY = YES_AGGRESSIVE;
				CLANG_WARN_UNREACHABLE_CODE = YES;
				CLANG_WARN__DUPLICATE_METHOD_MATCH = YES;
				COPY_PHASE_STRIP = NO;
				DEBUG_INFORMATION_FORMAT = "dwarf-with-dsym";
				ENABLE_NS_ASSERTIONS = NO;
				ENABLE_STRICT_OBJC_MSGSEND = YES;
				GCC_C_LANGUAGE_STANDARD = gnu11;
				GCC_NO_COMMON_BLOCKS = YES;
				GCC_WARN_64_TO_32_BIT_CONVERSION = YES;
				GCC_WARN_ABOUT_RETURN_TYPE = YES_ERROR;
				GCC_WARN_UNDECLARED_SELECTOR = YES;
				GCC_WARN_UNINITIALIZED_AUTOS = YES_AGGRESSIVE;
				GCC_WARN_UNUSED_FUNCTION = YES;
				GCC_WARN_UNUSED_VARIABLE = YES;
				MACOSX_DEPLOYMENT_TARGET = 10.15;
				MTL_ENABLE_DEBUG_INFO = NO;
				MTL_FAST_MATH = YES;
				SDKROOT = macosx;
			};
			name = Release;
		};
		A6126B0B24183CB600EA6821 /* Debug */ = {
			isa = XCBuildConfiguration;
			buildSettings = {
				CODE_SIGN_STYLE = Automatic;
				PRODUCT_NAME = "$(TARGET_NAME)";
			};
			name = Debug;
		};
		A6126B0C24183CB600EA6821 /* Release */ = {
			isa = XCBuildConfiguration;
			buildSettings = {
				CODE_SIGN_STYLE = Automatic;
				PRODUCT_NAME = "$(TARGET_NAME)";
			};
			name = Release;
		};
/* End XCBuildConfiguration section */

/* Begin XCConfigurationList section */
		A6126AFE24183CB600EA6821 /* Build configuration list for PBXProject "week-4-assignment" */ = {
			isa = XCConfigurationList;
			buildConfigurations = (
				A6126B0824183CB600EA6821 /* Debug */,
				A6126B0924183CB600EA6821 /* Release */,
			);
			defaultConfigurationIsVisible = 0;
			defaultConfigurationName = Release;
		};
		A6126B0A24183CB600EA6821 /* Build configuration list for PBXNativeTarget "week-4-assignment" */ = {
			isa = XCConfigurationList;
			buildConfigurations = (
				A6126B0B24183CB600EA6821 /* Debug */,
				A6126B0C24183CB600EA6821 /* Release */,
			);
			defaultConfigurationIsVisible = 0;
			defaultConfigurationName = Release;
		};
/* End XCConfigurationList section */
	};
	rootObject = A6126AFB24183CB600EA6821 /* Project object */;
}
